
Microsoft Visual Studio Solution File, Format Version 12.00
# Visual Studio Version 17
VisualStudioVersion = 17.4.33103.184
MinimumVisualStudioVersion = 10.0.40219.1
Project("{FAE04EC0-301F-11D3-BF4B-00C04F79EFBC}") = "WebApi.Filmes", "WebApi.Filmes\WebApi.Filmes.csproj", "{0B37FE8F-314D-4A05-BE62-8E3830E415FA}"
EndProject
Global
	GlobalSection(SolutionConfigurationPlatforms) = preSolution
		Debug|Any CPU = Debug|Any CPU
		Release|Any CPU = Release|Any CPU
	EndGlobalSection
	GlobalSection(ProjectConfigurationPlatforms) = postSolution
		{0B37FE8F-314D-4A05-BE62-8E3830E415FA}.Debug|Any CPU.ActiveCfg = Debug|Any CPU
		{0B37FE8F-314D-4A05-BE62-8E3830E415FA}.Debug|Any CPU.Build.0 = Debug|Any CPU
		{0B37FE8F-314D-4A05-BE62-8E3830E415FA}.Release|Any CPU.ActiveCfg = Release|Any CPU
		{0B37FE8F-314D-4A05-BE62-8E3830E415FA}.Release|Any CPU.Build.0 = Release|Any CPU
	EndGlobalSection
	GlobalSection(SolutionProperties) = preSolution
		HideSolutionNode = FALSE
	EndGlobalSection
	GlobalSection(ExtensibilityGlobals) = postSolution
		SolutionGuid = {2D711D2E-5D9D-4CBF-9EF1-DCBCA7840A50}
	EndGlobalSection
EndGlobal
